
Microsoft Visual Studio Solution File, Format Version 10.00
# Visual Studio 2008
Project("{F184B08F-C81C-45F6-A57F-5ABD9991F28F}") = "HelloGIT2", "HelloGIT2\HelloGIT2.vbproj", "{97B4C900-912B-4665-8D46-3012CD08FA09}"
EndProject
Project("{2150E333-8FDC-42A3-9474-1A3956D46DE8}") = "Solution Items", "Solution Items", "{87F5BE56-B187-4E31-9A41-C8AC7F032217}"
EndProject
Global
	GlobalSection(SolutionConfigurationPlatforms) = preSolution
		Debug|Any CPU = Debug|Any CPU
		Release|Any CPU = Release|Any CPU
	EndGlobalSection
	GlobalSection(ProjectConfigurationPlatforms) = postSolution
		{97B4C900-912B-4665-8D46-3012CD08FA09}.Debug|Any CPU.ActiveCfg = Debug|Any CPU
		{97B4C900-912B-4665-8D46-3012CD08FA09}.Debug|Any CPU.Build.0 = Debug|Any CPU
		{97B4C900-912B-4665-8D46-3012CD08FA09}.Release|Any CPU.ActiveCfg = Release|Any CPU
		{97B4C900-912B-4665-8D46-3012CD08FA09}.Release|Any CPU.Build.0 = Release|Any CPU
	EndGlobalSection
	GlobalSection(SolutionProperties) = preSolution
		HideSolutionNode = FALSE
	EndGlobalSection
EndGlobal
